
Microsoft Visual Studio Solution File, Format Version 12.00
# Visual Studio Version 16
VisualStudioVersion = 16.0.30404.54
MinimumVisualStudioVersion = 10.0.40219.1
Project("{FAE04EC0-301F-11D3-BF4B-00C04F79EFBC}") = "micro-c-app.Android", "micro-c-app\micro-c-app.Android\micro-c-app.Android.csproj", "{88406F9D-8069-48FE-9C6A-B0AE23B4B2C1}"
EndProject
Project("{FAE04EC0-301F-11D3-BF4B-00C04F79EFBC}") = "micro-c-app.iOS", "micro-c-app\micro-c-app.iOS\micro-c-app.iOS.csproj", "{076A2E64-6650-48F9-A360-F5A64CB5E41E}"
EndProject
Project("{9A19103F-16F7-4668-BE54-9A1E7A4F7556}") = "micro-c-app", "micro-c-app\micro-c-app\micro-c-app.csproj", "{83617979-EEA1-43D5-8130-D25FEA189970}"
	ProjectSection(ProjectDependencies) = postProject
		{F750678A-8FD0-464C-B75F-46B4C34B7129} = {F750678A-8FD0-464C-B75F-46B4C34B7129}
	EndProjectSection
EndProject
Project("{FAE04EC0-301F-11D3-BF4B-00C04F79EFBC}") = "microcapp-uwp", "microcapp-uwp\microcapp-uwp.csproj", "{8C657FB0-F80F-4B53-A2EE-1E5F78C0C518}"
EndProject
Project("{FAE04EC0-301F-11D3-BF4B-00C04F79EFBC}") = "micro-c-lib", "micro-c-lib\micro-c-lib.csproj", "{F750678A-8FD0-464C-B75F-46B4C34B7129}"
EndProject
Project("{FAE04EC0-301F-11D3-BF4B-00C04F79EFBC}") = "MicroCBuilder", "MicroCBuilder\MicroCBuilder.csproj", "{FF6DDCBD-418B-43D7-B726-D6C34340D79C}"
EndProject
Global
	GlobalSection(SolutionConfigurationPlatforms) = preSolution
		Debug|Any CPU = Debug|Any CPU
		Debug|ARM = Debug|ARM
		Debug|ARM64 = Debug|ARM64
		Debug|iPhone = Debug|iPhone
		Debug|iPhoneSimulator = Debug|iPhoneSimulator
		Debug|x64 = Debug|x64
		Debug|x86 = Debug|x86
		Release|Any CPU = Release|Any CPU
		Release|ARM = Release|ARM
		Release|ARM64 = Release|ARM64
		Release|iPhone = Release|iPhone
		Release|iPhoneSimulator = Release|iPhoneSimulator
		Release|x64 = Release|x64
		Release|x86 = Release|x86
	EndGlobalSection
	GlobalSection(ProjectConfigurationPlatforms) = postSolution
		{88406F9D-8069-48FE-9C6A-B0AE23B4B2C1}.Debug|Any CPU.ActiveCfg = Debug|Any CPU
		{88406F9D-8069-48FE-9C6A-B0AE23B4B2C1}.Debug|Any CPU.Build.0 = Debug|Any CPU
		{88406F9D-8069-48FE-9C6A-B0AE23B4B2C1}.Debug|Any CPU.Deploy.0 = Debug|Any CPU
		{88406F9D-8069-48FE-9C6A-B0AE23B4B2C1}.Debug|ARM.ActiveCfg = Debug|Any CPU
		{88406F9D-8069-48FE-9C6A-B0AE23B4B2C1}.Debug|ARM.Build.0 = Debug|Any CPU
		{88406F9D-8069-48FE-9C6A-B0AE23B4B2C1}.Debug|ARM.Deploy.0 = Debug|Any CPU
		{88406F9D-8069-48FE-9C6A-B0AE23B4B2C1}.Debug|ARM64.ActiveCfg = Debug|Any CPU
		{88406F9D-8069-48FE-9C6A-B0AE23B4B2C1}.Debug|ARM64.Build.0 = Debug|Any CPU
		{88406F9D-8069-48FE-9C6A-B0AE23B4B2C1}.Debug|ARM64.Deploy.0 = Debug|Any CPU
		{88406F9D-8069-48FE-9C6A-B0AE23B4B2C1}.Debug|iPhone.ActiveCfg = Debug|Any CPU
		{88406F9D-8069-48FE-9C6A-B0AE23B4B2C1}.Debug|iPhone.Build.0 = Debug|Any CPU
		{88406F9D-8069-48FE-9C6A-B0AE23B4B2C1}.Debug|iPhone.Deploy.0 = Debug|Any CPU
		{88406F9D-8069-48FE-9C6A-B0AE23B4B2C1}.Debug|iPhoneSimulator.ActiveCfg = Debug|Any CPU
		{88406F9D-8069-48FE-9C6A-B0AE23B4B2C1}.Debug|iPhoneSimulator.Build.0 = Debug|Any CPU
		{88406F9D-8069-48FE-9C6A-B0AE23B4B2C1}.Debug|iPhoneSimulator.Deploy.0 = Debug|Any CPU
		{88406F9D-8069-48FE-9C6A-B0AE23B4B2C1}.Debug|x64.ActiveCfg = Debug|Any CPU
		{88406F9D-8069-48FE-9C6A-B0AE23B4B2C1}.Debug|x64.Build.0 = Debug|Any CPU
		{88406F9D-8069-48FE-9C6A-B0AE23B4B2C1}.Debug|x64.Deploy.0 = Debug|Any CPU
		{88406F9D-8069-48FE-9C6A-B0AE23B4B2C1}.Debug|x86.ActiveCfg = Debug|Any CPU
		{88406F9D-8069-48FE-9C6A-B0AE23B4B2C1}.Debug|x86.Build.0 = Debug|Any CPU
		{88406F9D-8069-48FE-9C6A-B0AE23B4B2C1}.Debug|x86.Deploy.0 = Debug|Any CPU
		{88406F9D-8069-48FE-9C6A-B0AE23B4B2C1}.Release|Any CPU.ActiveCfg = Release|Any CPU
		{88406F9D-8069-48FE-9C6A-B0AE23B4B2C1}.Release|Any CPU.Build.0 = Release|Any CPU
		{88406F9D-8069-48FE-9C6A-B0AE23B4B2C1}.Release|Any CPU.Deploy.0 = Release|Any CPU
		{88406F9D-8069-48FE-9C6A-B0AE23B4B2C1}.Release|ARM.ActiveCfg = Release|Any CPU
		{88406F9D-8069-48FE-9C6A-B0AE23B4B2C1}.Release|ARM.Build.0 = Release|Any CPU
		{88406F9D-8069-48FE-9C6A-B0AE23B4B2C1}.Release|ARM.Deploy.0 = Release|Any CPU
		{88406F9D-8069-48FE-9C6A-B0AE23B4B2C1}.Release|ARM64.ActiveCfg = Release|Any CPU
		{88406F9D-8069-48FE-9C6A-B0AE23B4B2C1}.Release|ARM64.Build.0 = Release|Any CPU
		{88406F9D-8069-48FE-9C6A-B0AE23B4B2C1}.Release|ARM64.Deploy.0 = Release|Any CPU
		{88406F9D-8069-48FE-9C6A-B0AE23B4B2C1}.Release|iPhone.ActiveCfg = Release|Any CPU
		{88406F9D-8069-48FE-9C6A-B0AE23B4B2C1}.Release|iPhone.Build.0 = Release|Any CPU
		{88406F9D-8069-48FE-9C6A-B0AE23B4B2C1}.Release|iPhone.Deploy.0 = Release|Any CPU
		{88406F9D-8069-48FE-9C6A-B0AE23B4B2C1}.Release|iPhoneSimulator.ActiveCfg = Release|Any CPU
		{88406F9D-8069-48FE-9C6A-B0AE23B4B2C1}.Release|iPhoneSimulator.Build.0 = Release|Any CPU
		{88406F9D-8069-48FE-9C6A-B0AE23B4B2C1}.Release|iPhoneSimulator.Deploy.0 = Release|Any CPU
		{88406F9D-8069-48FE-9C6A-B0AE23B4B2C1}.Release|x64.ActiveCfg = Release|Any CPU
		{88406F9D-8069-48FE-9C6A-B0AE23B4B2C1}.Release|x64.Build.0 = Release|Any CPU
		{88406F9D-8069-48FE-9C6A-B0AE23B4B2C1}.Release|x64.Deploy.0 = Release|Any CPU
		{88406F9D-8069-48FE-9C6A-B0AE23B4B2C1}.Release|x86.ActiveCfg = Release|Any CPU
		{88406F9D-8069-48FE-9C6A-B0AE23B4B2C1}.Release|x86.Build.0 = Release|Any CPU
		{88406F9D-8069-48FE-9C6A-B0AE23B4B2C1}.Release|x86.Deploy.0 = Release|Any CPU
		{076A2E64-6650-48F9-A360-F5A64CB5E41E}.Debug|Any CPU.ActiveCfg = Debug|iPhone
		{076A2E64-6650-48F9-A360-F5A64CB5E41E}.Debug|Any CPU.Build.0 = Debug|iPhone
		{076A2E64-6650-48F9-A360-F5A64CB5E41E}.Debug|Any CPU.Deploy.0 = Debug|iPhone
		{076A2E64-6650-48F9-A360-F5A64CB5E41E}.Debug|ARM.ActiveCfg = Debug|iPhoneSimulator
		{076A2E64-6650-48F9-A360-F5A64CB5E41E}.Debug|ARM64.ActiveCfg = Debug|iPhoneSimulator
		{076A2E64-6650-48F9-A360-F5A64CB5E41E}.Debug|iPhone.ActiveCfg = Debug|iPhone
		{076A2E64-6650-48F9-A360-F5A64CB5E41E}.Debug|iPhone.Build.0 = Debug|iPhone
		{076A2E64-6650-48F9-A360-F5A64CB5E41E}.Debug|iPhone.Deploy.0 = Debug|iPhone
		{076A2E64-6650-48F9-A360-F5A64CB5E41E}.Debug|iPhoneSimulator.ActiveCfg = Debug|iPhoneSimulator
		{076A2E64-6650-48F9-A360-F5A64CB5E41E}.Debug|iPhoneSimulator.Build.0 = Debug|iPhoneSimulator
		{076A2E64-6650-48F9-A360-F5A64CB5E41E}.Debug|iPhoneSimulator.Deploy.0 = Debug|iPhoneSimulator
		{076A2E64-6650-48F9-A360-F5A64CB5E41E}.Debug|x64.ActiveCfg = Debug|iPhoneSimulator
		{076A2E64-6650-48F9-A360-F5A64CB5E41E}.Debug|x86.ActiveCfg = Debug|iPhoneSimulator
		{076A2E64-6650-48F9-A360-F5A64CB5E41E}.Release|Any CPU.ActiveCfg = Release|iPhone
		{076A2E64-6650-48F9-A360-F5A64CB5E41E}.Release|Any CPU.Build.0 = Release|iPhone
		{076A2E64-6650-48F9-A360-F5A64CB5E41E}.Release|Any CPU.Deploy.0 = Release|iPhone
		{076A2E64-6650-48F9-A360-F5A64CB5E41E}.Release|ARM.ActiveCfg = Release|iPhoneSimulator
		{076A2E64-6650-48F9-A360-F5A64CB5E41E}.Release|ARM64.ActiveCfg = Release|iPhoneSimulator
		{076A2E64-6650-48F9-A360-F5A64CB5E41E}.Release|iPhone.ActiveCfg = Release|iPhone
		{076A2E64-6650-48F9-A360-F5A64CB5E41E}.Release|iPhone.Build.0 = Release|iPhone
		{076A2E64-6650-48F9-A360-F5A64CB5E41E}.Release|iPhone.Deploy.0 = Release|iPhone
		{076A2E64-6650-48F9-A360-F5A64CB5E41E}.Release|iPhoneSimulator.ActiveCfg = Release|iPhoneSimulator
		{076A2E64-6650-48F9-A360-F5A64CB5E41E}.Release|iPhoneSimulator.Build.0 = Release|iPhoneSimulator
		{076A2E64-6650-48F9-A360-F5A64CB5E41E}.Release|iPhoneSimulator.Deploy.0 = Release|iPhoneSimulator
		{076A2E64-6650-48F9-A360-F5A64CB5E41E}.Release|x64.ActiveCfg = Release|iPhoneSimulator
		{076A2E64-6650-48F9-A360-F5A64CB5E41E}.Release|x86.ActiveCfg = Release|iPhoneSimulator
		{83617979-EEA1-43D5-8130-D25FEA189970}.Debug|Any CPU.ActiveCfg = Debug|Any CPU
		{83617979-EEA1-43D5-8130-D25FEA189970}.Debug|Any CPU.Build.0 = Debug|Any CPU
		{83617979-EEA1-43D5-8130-D25FEA189970}.Debug|Any CPU.Deploy.0 = Debug|Any CPU
		{83617979-EEA1-43D5-8130-D25FEA189970}.Debug|ARM.ActiveCfg = Debug|Any CPU
		{83617979-EEA1-43D5-8130-D25FEA189970}.Debug|ARM.Build.0 = Debug|Any CPU
		{83617979-EEA1-43D5-8130-D25FEA189970}.Debug|ARM64.ActiveCfg = Debug|Any CPU
		{83617979-EEA1-43D5-8130-D25FEA189970}.Debug|ARM64.Build.0 = Debug|Any CPU
		{83617979-EEA1-43D5-8130-D25FEA189970}.Debug|iPhone.ActiveCfg = Debug|Any CPU
		{83617979-EEA1-43D5-8130-D25FEA189970}.Debug|iPhone.Build.0 = Debug|Any CPU
		{83617979-EEA1-43D5-8130-D25FEA189970}.Debug|iPhone.Deploy.0 = Debug|Any CPU
		{83617979-EEA1-43D5-8130-D25FEA189970}.Debug|iPhoneSimulator.ActiveCfg = Debug|Any CPU
		{83617979-EEA1-43D5-8130-D25FEA189970}.Debug|iPhoneSimulator.Build.0 = Debug|Any CPU
		{83617979-EEA1-43D5-8130-D25FEA189970}.Debug|iPhoneSimulator.Deploy.0 = Debug|Any CPU
		{83617979-EEA1-43D5-8130-D25FEA189970}.Debug|x64.ActiveCfg = Debug|Any CPU
		{83617979-EEA1-43D5-8130-D25FEA189970}.Debug|x64.Build.0 = Debug|Any CPU
		{83617979-EEA1-43D5-8130-D25FEA189970}.Debug|x86.ActiveCfg = Debug|Any CPU
		{83617979-EEA1-43D5-8130-D25FEA189970}.Debug|x86.Build.0 = Debug|Any CPU
		{83617979-EEA1-43D5-8130-D25FEA189970}.Release|Any CPU.ActiveCfg = Release|Any CPU
		{83617979-EEA1-43D5-8130-D25FEA189970}.Release|Any CPU.Build.0 = Release|Any CPU
		{83617979-EEA1-43D5-8130-D25FEA189970}.Release|Any CPU.Deploy.0 = Release|Any CPU
		{83617979-EEA1-43D5-8130-D25FEA189970}.Release|ARM.ActiveCfg = Release|Any CPU
		{83617979-EEA1-43D5-8130-D25FEA189970}.Release|ARM.Build.0 = Release|Any CPU
		{83617979-EEA1-43D5-8130-D25FEA189970}.Release|ARM64.ActiveCfg = Release|Any CPU
		{83617979-EEA1-43D5-8130-D25FEA189970}.Release|ARM64.Build.0 = Release|Any CPU
		{83617979-EEA1-43D5-8130-D25FEA189970}.Release|iPhone.ActiveCfg = Release|Any CPU
		{83617979-EEA1-43D5-8130-D25FEA189970}.Release|iPhone.Build.0 = Release|Any CPU
		{83617979-EEA1-43D5-8130-D25FEA189970}.Release|iPhone.Deploy.0 = Release|Any CPU
		{83617979-EEA1-43D5-8130-D25FEA189970}.Release|iPhoneSimulator.ActiveCfg = Release|Any CPU
		{83617979-EEA1-43D5-8130-D25FEA189970}.Release|iPhoneSimulator.Build.0 = Release|Any CPU
		{83617979-EEA1-43D5-8130-D25FEA189970}.Release|iPhoneSimulator.Deploy.0 = Release|Any CPU
		{83617979-EEA1-43D5-8130-D25FEA189970}.Release|x64.ActiveCfg = Release|Any CPU
		{83617979-EEA1-43D5-8130-D25FEA189970}.Release|x64.Build.0 = Release|Any CPU
		{83617979-EEA1-43D5-8130-D25FEA189970}.Release|x86.ActiveCfg = Release|Any CPU
		{83617979-EEA1-43D5-8130-D25FEA189970}.Release|x86.Build.0 = Release|Any CPU
		{8C657FB0-F80F-4B53-A2EE-1E5F78C0C518}.Debug|Any CPU.ActiveCfg = Debug|x86
		{8C657FB0-F80F-4B53-A2EE-1E5F78C0C518}.Debug|Any CPU.Build.0 = Debug|x86
		{8C657FB0-F80F-4B53-A2EE-1E5F78C0C518}.Debug|Any CPU.Deploy.0 = Debug|x86
		{8C657FB0-F80F-4B53-A2EE-1E5F78C0C518}.Debug|ARM.ActiveCfg = Debug|ARM
		{8C657FB0-F80F-4B53-A2EE-1E5F78C0C518}.Debug|ARM.Build.0 = Debug|ARM
		{8C657FB0-F80F-4B53-A2EE-1E5F78C0C518}.Debug|ARM.Deploy.0 = Debug|ARM
		{8C657FB0-F80F-4B53-A2EE-1E5F78C0C518}.Debug|ARM64.ActiveCfg = Debug|ARM64
		{8C657FB0-F80F-4B53-A2EE-1E5F78C0C518}.Debug|ARM64.Build.0 = Debug|ARM64
		{8C657FB0-F80F-4B53-A2EE-1E5F78C0C518}.Debug|ARM64.Deploy.0 = Debug|ARM64
		{8C657FB0-F80F-4B53-A2EE-1E5F78C0C518}.Debug|iPhone.ActiveCfg = Debug|x86
		{8C657FB0-F80F-4B53-A2EE-1E5F78C0C518}.Debug|iPhoneSimulator.ActiveCfg = Debug|x86
		{8C657FB0-F80F-4B53-A2EE-1E5F78C0C518}.Debug|x64.ActiveCfg = Debug|x64
		{8C657FB0-F80F-4B53-A2EE-1E5F78C0C518}.Debug|x64.Build.0 = Debug|x64
		{8C657FB0-F80F-4B53-A2EE-1E5F78C0C518}.Debug|x64.Deploy.0 = Debug|x64
		{8C657FB0-F80F-4B53-A2EE-1E5F78C0C518}.Debug|x86.ActiveCfg = Debug|x86
		{8C657FB0-F80F-4B53-A2EE-1E5F78C0C518}.Debug|x86.Build.0 = Debug|x86
		{8C657FB0-F80F-4B53-A2EE-1E5F78C0C518}.Debug|x86.Deploy.0 = Debug|x86
		{8C657FB0-F80F-4B53-A2EE-1E5F78C0C518}.Release|Any CPU.ActiveCfg = Release|x86
		{8C657FB0-F80F-4B53-A2EE-1E5F78C0C518}.Release|Any CPU.Build.0 = Release|x86
		{8C657FB0-F80F-4B53-A2EE-1E5F78C0C518}.Release|Any CPU.Deploy.0 = Release|x86
		{8C657FB0-F80F-4B53-A2EE-1E5F78C0C518}.Release|ARM.ActiveCfg = Release|ARM
		{8C657FB0-F80F-4B53-A2EE-1E5F78C0C518}.Release|ARM.Build.0 = Release|ARM
		{8C657FB0-F80F-4B53-A2EE-1E5F78C0C518}.Release|ARM.Deploy.0 = Release|ARM
		{8C657FB0-F80F-4B53-A2EE-1E5F78C0C518}.Release|ARM64.ActiveCfg = Release|ARM64
		{8C657FB0-F80F-4B53-A2EE-1E5F78C0C518}.Release|ARM64.Build.0 = Release|ARM64
		{8C657FB0-F80F-4B53-A2EE-1E5F78C0C518}.Release|ARM64.Deploy.0 = Release|ARM64
		{8C657FB0-F80F-4B53-A2EE-1E5F78C0C518}.Release|iPhone.ActiveCfg = Release|x86
		{8C657FB0-F80F-4B53-A2EE-1E5F78C0C518}.Release|iPhoneSimulator.ActiveCfg = Release|x86
		{8C657FB0-F80F-4B53-A2EE-1E5F78C0C518}.Release|x64.ActiveCfg = Release|x64
		{8C657FB0-F80F-4B53-A2EE-1E5F78C0C518}.Release|x64.Build.0 = Release|x64
		{8C657FB0-F80F-4B53-A2EE-1E5F78C0C518}.Release|x64.Deploy.0 = Release|x64
		{8C657FB0-F80F-4B53-A2EE-1E5F78C0C518}.Release|x86.ActiveCfg = Release|x86
		{8C657FB0-F80F-4B53-A2EE-1E5F78C0C518}.Release|x86.Build.0 = Release|x86
		{8C657FB0-F80F-4B53-A2EE-1E5F78C0C518}.Release|x86.Deploy.0 = Release|x86
		{F750678A-8FD0-464C-B75F-46B4C34B7129}.Debug|Any CPU.ActiveCfg = Debug|Any CPU
		{F750678A-8FD0-464C-B75F-46B4C34B7129}.Debug|Any CPU.Build.0 = Debug|Any CPU
		{F750678A-8FD0-464C-B75F-46B4C34B7129}.Debug|ARM.ActiveCfg = Debug|Any CPU
		{F750678A-8FD0-464C-B75F-46B4C34B7129}.Debug|ARM.Build.0 = Debug|Any CPU
		{F750678A-8FD0-464C-B75F-46B4C34B7129}.Debug|ARM64.ActiveCfg = Debug|Any CPU
		{F750678A-8FD0-464C-B75F-46B4C34B7129}.Debug|ARM64.Build.0 = Debug|Any CPU
		{F750678A-8FD0-464C-B75F-46B4C34B7129}.Debug|iPhone.ActiveCfg = Debug|Any CPU
		{F750678A-8FD0-464C-B75F-46B4C34B7129}.Debug|iPhone.Build.0 = Debug|Any CPU
		{F750678A-8FD0-464C-B75F-46B4C34B7129}.Debug|iPhoneSimulator.ActiveCfg = Debug|Any CPU
		{F750678A-8FD0-464C-B75F-46B4C34B7129}.Debug|iPhoneSimulator.Build.0 = Debug|Any CPU
		{F750678A-8FD0-464C-B75F-46B4C34B7129}.Debug|x64.ActiveCfg = Debug|Any CPU
		{F750678A-8FD0-464C-B75F-46B4C34B7129}.Debug|x64.Build.0 = Debug|Any CPU
		{F750678A-8FD0-464C-B75F-46B4C34B7129}.Debug|x86.ActiveCfg = Debug|Any CPU
		{F750678A-8FD0-464C-B75F-46B4C34B7129}.Debug|x86.Build.0 = Debug|Any CPU
		{F750678A-8FD0-464C-B75F-46B4C34B7129}.Release|Any CPU.ActiveCfg = Release|Any CPU
		{F750678A-8FD0-464C-B75F-46B4C34B7129}.Release|Any CPU.Build.0 = Release|Any CPU
		{F750678A-8FD0-464C-B75F-46B4C34B7129}.Release|ARM.ActiveCfg = Release|Any CPU
		{F750678A-8FD0-464C-B75F-46B4C34B7129}.Release|ARM.Build.0 = Release|Any CPU
		{F750678A-8FD0-464C-B75F-46B4C34B7129}.Release|ARM64.ActiveCfg = Release|Any CPU
		{F750678A-8FD0-464C-B75F-46B4C34B7129}.Release|ARM64.Build.0 = Release|Any CPU
		{F750678A-8FD0-464C-B75F-46B4C34B7129}.Release|iPhone.ActiveCfg = Release|Any CPU
		{F750678A-8FD0-464C-B75F-46B4C34B7129}.Release|iPhone.Build.0 = Release|Any CPU
		{F750678A-8FD0-464C-B75F-46B4C34B7129}.Release|iPhoneSimulator.ActiveCfg = Release|Any CPU
		{F750678A-8FD0-464C-B75F-46B4C34B7129}.Release|iPhoneSimulator.Build.0 = Release|Any CPU
		{F750678A-8FD0-464C-B75F-46B4C34B7129}.Release|x64.ActiveCfg = Release|Any CPU
		{F750678A-8FD0-464C-B75F-46B4C34B7129}.Release|x64.Build.0 = Release|Any CPU
		{F750678A-8FD0-464C-B75F-46B4C34B7129}.Release|x86.ActiveCfg = Release|Any CPU
		{F750678A-8FD0-464C-B75F-46B4C34B7129}.Release|x86.Build.0 = Release|Any CPU
		{FF6DDCBD-418B-43D7-B726-D6C34340D79C}.Debug|Any CPU.ActiveCfg = Debug|x86
		{FF6DDCBD-418B-43D7-B726-D6C34340D79C}.Debug|Any CPU.Build.0 = Debug|x86
		{FF6DDCBD-418B-43D7-B726-D6C34340D79C}.Debug|Any CPU.Deploy.0 = Debug|x86
		{FF6DDCBD-418B-43D7-B726-D6C34340D79C}.Debug|ARM.ActiveCfg = Debug|ARM
		{FF6DDCBD-418B-43D7-B726-D6C34340D79C}.Debug|ARM.Build.0 = Debug|ARM
		{FF6DDCBD-418B-43D7-B726-D6C34340D79C}.Debug|ARM.Deploy.0 = Debug|ARM
		{FF6DDCBD-418B-43D7-B726-D6C34340D79C}.Debug|ARM64.ActiveCfg = Debug|ARM64
		{FF6DDCBD-418B-43D7-B726-D6C34340D79C}.Debug|ARM64.Build.0 = Debug|ARM64
		{FF6DDCBD-418B-43D7-B726-D6C34340D79C}.Debug|ARM64.Deploy.0 = Debug|ARM64
		{FF6DDCBD-418B-43D7-B726-D6C34340D79C}.Debug|iPhone.ActiveCfg = Debug|x86
		{FF6DDCBD-418B-43D7-B726-D6C34340D79C}.Debug|iPhoneSimulator.ActiveCfg = Debug|x86
		{FF6DDCBD-418B-43D7-B726-D6C34340D79C}.Debug|x64.ActiveCfg = Debug|x64
		{FF6DDCBD-418B-43D7-B726-D6C34340D79C}.Debug|x64.Build.0 = Debug|x64
		{FF6DDCBD-418B-43D7-B726-D6C34340D79C}.Debug|x64.Deploy.0 = Debug|x64
		{FF6DDCBD-418B-43D7-B726-D6C34340D79C}.Debug|x86.ActiveCfg = Debug|x86
		{FF6DDCBD-418B-43D7-B726-D6C34340D79C}.Debug|x86.Build.0 = Debug|x86
		{FF6DDCBD-418B-43D7-B726-D6C34340D79C}.Debug|x86.Deploy.0 = Debug|x86
		{FF6DDCBD-418B-43D7-B726-D6C34340D79C}.Release|Any CPU.ActiveCfg = Release|x86
		{FF6DDCBD-418B-43D7-B726-D6C34340D79C}.Release|Any CPU.Build.0 = Release|x86
		{FF6DDCBD-418B-43D7-B726-D6C34340D79C}.Release|Any CPU.Deploy.0 = Release|x86
		{FF6DDCBD-418B-43D7-B726-D6C34340D79C}.Release|ARM.ActiveCfg = Release|ARM
		{FF6DDCBD-418B-43D7-B726-D6C34340D79C}.Release|ARM.Build.0 = Release|ARM
		{FF6DDCBD-418B-43D7-B726-D6C34340D79C}.Release|ARM.Deploy.0 = Release|ARM
		{FF6DDCBD-418B-43D7-B726-D6C34340D79C}.Release|ARM64.ActiveCfg = Release|ARM64
		{FF6DDCBD-418B-43D7-B726-D6C34340D79C}.Release|ARM64.Build.0 = Release|ARM64
		{FF6DDCBD-418B-43D7-B726-D6C34340D79C}.Release|ARM64.Deploy.0 = Release|ARM64
		{FF6DDCBD-418B-43D7-B726-D6C34340D79C}.Release|iPhone.ActiveCfg = Release|x86
		{FF6DDCBD-418B-43D7-B726-D6C34340D79C}.Release|iPhoneSimulator.ActiveCfg = Release|x86
		{FF6DDCBD-418B-43D7-B726-D6C34340D79C}.Release|x64.ActiveCfg = Release|x64
		{FF6DDCBD-418B-43D7-B726-D6C34340D79C}.Release|x64.Build.0 = Release|x64
		{FF6DDCBD-418B-43D7-B726-D6C34340D79C}.Release|x64.Deploy.0 = Release|x64
		{FF6DDCBD-418B-43D7-B726-D6C34340D79C}.Release|x86.ActiveCfg = Release|x86
		{FF6DDCBD-418B-43D7-B726-D6C34340D79C}.Release|x86.Build.0 = Release|x86
		{FF6DDCBD-418B-43D7-B726-D6C34340D79C}.Release|x86.Deploy.0 = Release|x86
	EndGlobalSection
	GlobalSection(SolutionProperties) = preSolution
		HideSolutionNode = FALSE
	EndGlobalSection
	GlobalSection(ExtensibilityGlobals) = postSolution
		SolutionGuid = {DE876A59-A2C8-41C9-85FC-821603D3F049}
	EndGlobalSection
EndGlobal
